
Microsoft Visual Studio Solution File, Format Version 12.00
# Visual Studio 15
VisualStudioVersion = 15.0.27703.2035
MinimumVisualStudioVersion = 10.0.40219.1
Project("{FAE04EC0-301F-11D3-BF4B-00C04F79EFBC}") = "EntryProject.Android", "EntryProject\EntryProject.Android\EntryProject.Android.csproj", "{02F7C94C-E969-4661-9994-B499A4C54783}"
EndProject
Project("{D954291E-2A0B-460D-934E-DC6B0785DB48}") = "EntryProject", "EntryProject\EntryProject\EntryProject.shproj", "{F4CE78FA-8C63-494C-B2F5-13B7F1EA9A77}"
EndProject
Global
	GlobalSection(SharedMSBuildProjectFiles) = preSolution
		EntryProject\EntryProject\EntryProject.projitems*{02f7c94c-e969-4661-9994-b499a4c54783}*SharedItemsImports = 4
		EntryProject\EntryProject\EntryProject.projitems*{f4ce78fa-8c63-494c-b2f5-13b7f1ea9a77}*SharedItemsImports = 13
	EndGlobalSection
	GlobalSection(SolutionConfigurationPlatforms) = preSolution
		Debug|Any CPU = Debug|Any CPU
		Release|Any CPU = Release|Any CPU
	EndGlobalSection
	GlobalSection(ProjectConfigurationPlatforms) = postSolution
		{02F7C94C-E969-4661-9994-B499A4C54783}.Debug|Any CPU.ActiveCfg = Debug|Any CPU
		{02F7C94C-E969-4661-9994-B499A4C54783}.Debug|Any CPU.Build.0 = Debug|Any CPU
		{02F7C94C-E969-4661-9994-B499A4C54783}.Debug|Any CPU.Deploy.0 = Debug|Any CPU
		{02F7C94C-E969-4661-9994-B499A4C54783}.Release|Any CPU.ActiveCfg = Release|Any CPU
		{02F7C94C-E969-4661-9994-B499A4C54783}.Release|Any CPU.Build.0 = Release|Any CPU
		{02F7C94C-E969-4661-9994-B499A4C54783}.Release|Any CPU.Deploy.0 = Release|Any CPU
	EndGlobalSection
	GlobalSection(SolutionProperties) = preSolution
		HideSolutionNode = FALSE
	EndGlobalSection
	GlobalSection(ExtensibilityGlobals) = postSolution
		SolutionGuid = {747D6ECA-3FEE-4743-9109-D222BAEA7196}
	EndGlobalSection
EndGlobal
